
Microsoft Visual Studio Solution File, Format Version 11.00
# Visual Studio 2010
Project("{E24C65DC-7377-472B-9ABA-BC803B73C61A}") = "alfa-delta", ".", "{41F69928-F200-4310-8766-0785EC4E83F4}"
	ProjectSection(WebsiteProperties) = preProject
		TargetFrameworkMoniker = ".NETFramework,Version%3Dv2.0"
		Debug.AspNetCompiler.VirtualPath = "/alfa-delta"
		Debug.AspNetCompiler.PhysicalPath = "..\alfa-delta\"
		Debug.AspNetCompiler.TargetPath = "PrecompiledWeb\alfa-delta\"
		Debug.AspNetCompiler.Updateable = "true"
		Debug.AspNetCompiler.ForceOverwrite = "true"
		Debug.AspNetCompiler.FixedNames = "false"
		Debug.AspNetCompiler.Debug = "True"
		Release.AspNetCompiler.VirtualPath = "/alfa-delta"
		Release.AspNetCompiler.PhysicalPath = "..\alfa-delta\"
		Release.AspNetCompiler.TargetPath = "PrecompiledWeb\alfa-delta\"
		Release.AspNetCompiler.Updateable = "true"
		Release.AspNetCompiler.ForceOverwrite = "true"
		Release.AspNetCompiler.FixedNames = "false"
		Release.AspNetCompiler.Debug = "False"
		VWDPort = "49781"
	EndProjectSection
EndProject
Global
	GlobalSection(SolutionConfigurationPlatforms) = preSolution
		Debug|Any CPU = Debug|Any CPU
	EndGlobalSection
	GlobalSection(ProjectConfigurationPlatforms) = postSolution
		{41F69928-F200-4310-8766-0785EC4E83F4}.Debug|Any CPU.ActiveCfg = Debug|Any CPU
		{41F69928-F200-4310-8766-0785EC4E83F4}.Debug|Any CPU.Build.0 = Debug|Any CPU
	EndGlobalSection
	GlobalSection(SolutionProperties) = preSolution
		HideSolutionNode = FALSE
	EndGlobalSection
EndGlobal
